
Microsoft Visual Studio Solution File, Format Version 12.00
# Visual Studio Version 17
VisualStudioVersion = 17.3.32929.385
MinimumVisualStudioVersion = 10.0.40219.1
Project("{9A19103F-16F7-4668-BE54-9A1E7A4F7556}") = "GrenSheetCreator", "TestingPDF\GrenSheetCreator.csproj", "{16971326-0C04-472B-8277-8408340D8C3F}"
EndProject
Global
	GlobalSection(SolutionConfigurationPlatforms) = preSolution
		Debug|Any CPU = Debug|Any CPU
		Release|Any CPU = Release|Any CPU
	EndGlobalSection
	GlobalSection(ProjectConfigurationPlatforms) = postSolution
		{16971326-0C04-472B-8277-8408340D8C3F}.Debug|Any CPU.ActiveCfg = Debug|Any CPU
		{16971326-0C04-472B-8277-8408340D8C3F}.Debug|Any CPU.Build.0 = Debug|Any CPU
		{16971326-0C04-472B-8277-8408340D8C3F}.Release|Any CPU.ActiveCfg = Release|Any CPU
		{16971326-0C04-472B-8277-8408340D8C3F}.Release|Any CPU.Build.0 = Release|Any CPU
	EndGlobalSection
	GlobalSection(SolutionProperties) = preSolution
		HideSolutionNode = FALSE
	EndGlobalSection
	GlobalSection(ExtensibilityGlobals) = postSolution
		SolutionGuid = {4F0B1525-FFB1-43CF-B776-03DF29D3739E}
	EndGlobalSection
EndGlobal
